
Microsoft Visual Studio Solution File, Format Version 12.00
# Visual Studio 14
VisualStudioVersion = 14.0.25420.1
MinimumVisualStudioVersion = 10.0.40219.1
Project("{FAE04EC0-301F-11D3-BF4B-00C04F79EFBC}") = "ComicBookGallery", "ComicBookGallery\ComicBookGallery.csproj", "{DD09589A-7A9A-4992-9795-4A9D0E8AC38E}"
EndProject
Global
	GlobalSection(SolutionConfigurationPlatforms) = preSolution
		Debug|Any CPU = Debug|Any CPU
		Release|Any CPU = Release|Any CPU
	EndGlobalSection
	GlobalSection(ProjectConfigurationPlatforms) = postSolution
		{DD09589A-7A9A-4992-9795-4A9D0E8AC38E}.Debug|Any CPU.ActiveCfg = Debug|Any CPU
		{DD09589A-7A9A-4992-9795-4A9D0E8AC38E}.Debug|Any CPU.Build.0 = Debug|Any CPU
		{DD09589A-7A9A-4992-9795-4A9D0E8AC38E}.Release|Any CPU.ActiveCfg = Release|Any CPU
		{DD09589A-7A9A-4992-9795-4A9D0E8AC38E}.Release|Any CPU.Build.0 = Release|Any CPU
	EndGlobalSection
	GlobalSection(SolutionProperties) = preSolution
		HideSolutionNode = FALSE
	EndGlobalSection
EndGlobal
